// !$*UTF8*$!
{
	archiveVersion = 1;
	classes = {
	};
	objectVersion = 50;
	objects = {

/* Begin PBXBuildFile section */
		B130AA162661B0B20034D8AB /* AppDelegate.swift in Sources */ = {isa = PBXBuildFile; fileRef = B130AA152661B0B20034D8AB /* AppDelegate.swift */; };
		B130AA182661B0B20034D8AB /* SceneDelegate.swift in Sources */ = {isa = PBXBuildFile; fileRef = B130AA172661B0B20034D8AB /* SceneDelegate.swift */; };
		B130AA1A2661B0B20034D8AB /* ViewController.swift in Sources */ = {isa = PBXBuildFile; fileRef = B130AA192661B0B20034D8AB /* ViewController.swift */; };
		B130AA1D2661B0B20034D8AB /* Main.storyboard in Resources */ = {isa = PBXBuildFile; fileRef = B130AA1B2661B0B20034D8AB /* Main.storyboard */; };
		B130AA1F2661B0B70034D8AB /* Assets.xcassets in Resources */ = {isa = PBXBuildFile; fileRef = B130AA1E2661B0B70034D8AB /* Assets.xcassets */; };
		B130AA222661B0B70034D8AB /* LaunchScreen.storyboard in Resources */ = {isa = PBXBuildFile; fileRef = B130AA202661B0B70034D8AB /* LaunchScreen.storyboard */; };
		B130AA2D2661B0B80034D8AB /* PreworkTests.swift in Sources */ = {isa = PBXBuildFile; fileRef = B130AA2C2661B0B80034D8AB /* PreworkTests.swift */; };
		B130AA382661B0B80034D8AB /* PreworkUITests.swift in Sources */ = {isa = PBXBuildFile; fileRef = B130AA372661B0B80034D8AB /* PreworkUITests.swift */; };
		B130AA462662ED040034D8AB /* HelpViewController.swift in Sources */ = {isa = PBXBuildFile; fileRef = B130AA452662ED040034D8AB /* HelpViewController.swift */; };
/* End PBXBuildFile section */

/* Begin PBXContainerItemProxy section */
		B130AA292661B0B80034D8AB /* PBXContainerItemProxy */ = {
			isa = PBXContainerItemProxy;
			containerPortal = B130AA0A2661B0B20034D8AB /* Project object */;
			proxyType = 1;
			remoteGlobalIDString = B130AA112661B0B20034D8AB;
			remoteInfo = Prework;
		};
		B130AA342661B0B80034D8AB /* PBXContainerItemProxy */ = {
			isa = PBXContainerItemProxy;
			containerPortal = B130AA0A2661B0B20034D8AB /* Project object */;
			proxyType = 1;
			remoteGlobalIDString = B130AA112661B0B20034D8AB;
			remoteInfo = Prework;
		};
/* End PBXContainerItemProxy section */

/* Begin PBXFileReference section */
		B130AA122661B0B20034D8AB /* Prework.app */ = {isa = PBXFileReference; explicitFileType = wrapper.application; includeInIndex = 0; path = Prework.app; sourceTree = BUILT_PRODUCTS_DIR; };
		B130AA152661B0B20034D8AB /* AppDelegate.swift */ = {isa = PBXFileReference; lastKnownFileType = sourcecode.swift; path = AppDelegate.swift; sourceTree = "<group>"; };
		B130AA172661B0B20034D8AB /* SceneDelegate.swift */ = {isa = PBXFileReference; lastKnownFileType = sourcecode.swift; path = SceneDelegate.swift; sourceTree = "<group>"; };
		B130AA192661B0B20034D8AB /* ViewController.swift */ = {isa = PBXFileReference; lastKnownFileType = sourcecode.swift; path = ViewController.swift; sourceTree = "<group>"; };
		B130AA1C2661B0B20034D8AB /* Base */ = {isa = PBXFileReference; lastKnownFileType = file.storyboard; name = Base; path = Base.lproj/Main.storyboard; sourceTree = "<group>"; };
		B130AA1E2661B0B70034D8AB /* Assets.xcassets */ = {isa = PBXFileReference; lastKnownFileType = folder.assetcatalog; path = Assets.xcassets; sourceTree = "<group>"; };
		B130AA212661B0B70034D8AB /* Base */ = {isa = PBXFileReference; lastKnownFileType = file.storyboard; name = Base; path = Base.lproj/LaunchScreen.storyboard; sourceTree = "<group>"; };
		B130AA232661B0B70034D8AB /* Info.plist */ = {isa = PBXFileReference; lastKnownFileType = text.plist.xml; path = Info.plist; sourceTree = "<group>"; };
		B130AA282661B0B80034D8AB /* PreworkTests.xctest */ = {isa = PBXFileReference; explicitFileType = wrapper.cfbundle; includeInIndex = 0; path = PreworkTests.xctest; sourceTree = BUILT_PRODUCTS_DIR; };
		B130AA2C2661B0B80034D8AB /* PreworkTests.swift */ = {isa = PBXFileReference; lastKnownFileType = sourcecode.swift; path = PreworkTests.swift; sourceTree = "<group>"; };
		B130AA2E2661B0B80034D8AB /* Info.plist */ = {isa = PBXFileReference; lastKnownFileType = text.plist.xml; path = Info.plist; sourceTree = "<group>"; };
		B130AA332661B0B80034D8AB /* PreworkUITests.xctest */ = {isa = PBXFileReference; explicitFileType = wrapper.cfbundle; includeInIndex = 0; path = PreworkUITests.xctest; sourceTree = BUILT_PRODUCTS_DIR; };
		B130AA372661B0B80034D8AB /* PreworkUITests.swift */ = {isa = PBXFileReference; lastKnownFileType = sourcecode.swift; path = PreworkUITests.swift; sourceTree = "<group>"; };
		B130AA392661B0B80034D8AB /* Info.plist */ = {isa = PBXFileReference; lastKnownFileType = text.plist.xml; path = Info.plist; sourceTree = "<group>"; };
		B130AA452662ED040034D8AB /* HelpViewController.swift */ = {isa = PBXFileReference; lastKnownFileType = sourcecode.swift; path = HelpViewController.swift; sourceTree = "<group>"; };
/* End PBXFileReference section */

/* Begin PBXFrameworksBuildPhase section */
		B130AA0F2661B0B20034D8AB /* Frameworks */ = {
			isa = PBXFrameworksBuildPhase;
			buildActionMask = 2147483647;
			files = (
			);
			runOnlyForDeploymentPostprocessing = 0;
		};
		B130AA252661B0B80034D8AB /* Frameworks */ = {
			isa = PBXFrameworksBuildPhase;
			buildActionMask = 2147483647;
			files = (
			);
			runOnlyForDeploymentPostprocessing = 0;
		};
		B130AA302661B0B80034D8AB /* Frameworks */ = {
			isa = PBXFrameworksBuildPhase;
			buildActionMask = 2147483647;
			files = (
			);
			runOnlyForDeploymentPostprocessing = 0;
		};
/* End PBXFrameworksBuildPhase section */

/* Begin PBXGroup section */
		B130AA092661B0B20034D8AB = {
			isa = PBXGroup;
			children = (
				B130AA142661B0B20034D8AB /* Prework */,
				B130AA2B2661B0B80034D8AB /* PreworkTests */,
				B130AA362661B0B80034D8AB /* PreworkUITests */,
				B130AA132661B0B20034D8AB /* Products */,
			);
			sourceTree = "<group>";
		};
		B130AA132661B0B20034D8AB /* Products */ = {
			isa = PBXGroup;
			children = (
				B130AA122661B0B20034D8AB /* Prework.app */,
				B130AA282661B0B80034D8AB /* PreworkTests.xctest */,
				B130AA332661B0B80034D8AB /* PreworkUITests.xctest */,
			);
			name = Products;
			sourceTree = "<group>";
		};
		B130AA142661B0B20034D8AB /* Prework */ = {
			isa = PBXGroup;
			children = (
				B130AA152661B0B20034D8AB /* AppDelegate.swift */,
				B130AA172661B0B20034D8AB /* SceneDelegate.swift */,
				B130AA192661B0B20034D8AB /* ViewController.swift */,
				B130AA452662ED040034D8AB /* HelpViewController.swift */,
				B130AA1B2661B0B20034D8AB /* Main.storyboard */,
				B130AA1E2661B0B70034D8AB /* Assets.xcassets */,
				B130AA202661B0B70034D8AB /* LaunchScreen.storyboard */,
				B130AA232661B0B70034D8AB /* Info.plist */,
			);
			path = Prework;
			sourceTree = "<group>";
		};
		B130AA2B2661B0B80034D8AB /* PreworkTests */ = {
			isa = PBXGroup;
			children = (
				B130AA2C2661B0B80034D8AB /* PreworkTests.swift */,
				B130AA2E2661B0B80034D8AB /* Info.plist */,
			);
			path = PreworkTests;
			sourceTree = "<group>";
		};
		B130AA362661B0B80034D8AB /* PreworkUITests */ = {
			isa = PBXGroup;
			children = (
				B130AA372661B0B80034D8AB /* PreworkUITests.swift */,
				B130AA392661B0B80034D8AB /* Info.plist */,
			);
			path = PreworkUITests;
			sourceTree = "<group>";
		};
/* End PBXGroup section */

/* Begin PBXNativeTarget section */
		B130AA112661B0B20034D8AB /* Prework */ = {
			isa = PBXNativeTarget;
			buildConfigurationList = B130AA3C2661B0B80034D8AB /* Build configuration list for PBXNativeTarget "Prework" */;
			buildPhases = (
				B130AA0E2661B0B20034D8AB /* Sources */,
				B130AA0F2661B0B20034D8AB /* Frameworks */,
				B130AA102661B0B20034D8AB /* Resources */,
			);
			buildRules = (
			);
			dependencies = (
			);
			name = Prework;
			productName = Prework;
			productReference = B130AA122661B0B20034D8AB /* Prework.app */;
			productType = "com.apple.product-type.application";
		};
		B130AA272661B0B80034D8AB /* PreworkTests */ = {
			isa = PBXNativeTarget;
			buildConfigurationList = B130AA3F2661B0B80034D8AB /* Build configuration list for PBXNativeTarget "PreworkTests" */;
			buildPhases = (
				B130AA242661B0B80034D8AB /* Sources */,
				B130AA252661B0B80034D8AB /* Frameworks */,
				B130AA262661B0B80034D8AB /* Resources */,
			);
			buildRules = (
			);
			dependencies = (
				B130AA2A2661B0B80034D8AB /* PBXTargetDependency */,
			);
			name = PreworkTests;
			productName = PreworkTests;
			productReference = B130AA282661B0B80034D8AB /* PreworkTests.xctest */;
			productType = "com.apple.product-type.bundle.unit-test";
		};
		B130AA322661B0B80034D8AB /* PreworkUITests */ = {
			isa = PBXNativeTarget;
			buildConfigurationList = B130AA422661B0B80034D8AB /* Build configuration list for PBXNativeTarget "PreworkUITests" */;
			buildPhases = (
				B130AA2F2661B0B80034D8AB /* Sources */,
				B130AA302661B0B80034D8AB /* Frameworks */,
				B130AA312661B0B80034D8AB /* Resources */,
			);
			buildRules = (
			);
			dependencies = (
				B130AA352661B0B80034D8AB /* PBXTargetDependency */,
			);
			name = PreworkUITests;
			productName = PreworkUITests;
			productReference = B130AA332661B0B80034D8AB /* PreworkUITests.xctest */;
			productType = "com.apple.product-type.bundle.ui-testing";
		};
/* End PBXNativeTarget section */

/* Begin PBXProject section */
		B130AA0A2661B0B20034D8AB /* Project object */ = {
			isa = PBXProject;
			attributes = {
				LastSwiftUpdateCheck = 1250;
				LastUpgradeCheck = 1250;
				TargetAttributes = {
					B130AA112661B0B20034D8AB = {
						CreatedOnToolsVersion = 12.5;
					};
					B130AA272661B0B80034D8AB = {
						CreatedOnToolsVersion = 12.5;
						TestTargetID = B130AA112661B0B20034D8AB;
					};
					B130AA322661B0B80034D8AB = {
						CreatedOnToolsVersion = 12.5;
						TestTargetID = B130AA112661B0B20034D8AB;
					};
				};
			};
			buildConfigurationList = B130AA0D2661B0B20034D8AB /* Build configuration list for PBXProject "Prework" */;
			compatibilityVersion = "Xcode 9.3";
			developmentRegion = en;
			hasScannedForEncodings = 0;
			knownRegions = (
				en,
				Base,
			);
			mainGroup = B130AA092661B0B20034D8AB;
			productRefGroup = B130AA132661B0B20034D8AB /* Products */;
			projectDirPath = "";
			projectRoot = "";
			targets = (
				B130AA112661B0B20034D8AB /* Prework */,
				B130AA272661B0B80034D8AB /* PreworkTests */,
				B130AA322661B0B80034D8AB /* PreworkUITests */,
			);
		};
/* End PBXProject section */

/* Begin PBXResourcesBuildPhase section */
		B130AA102661B0B20034D8AB /* Resources */ = {
			isa = PBXResourcesBuildPhase;
			buildActionMask = 2147483647;
			files = (
				B130AA222661B0B70034D8AB /* LaunchScreen.storyboard in Resources */,
				B130AA1F2661B0B70034D8AB /* Assets.xcassets in Resources */,
				B130AA1D2661B0B20034D8AB /* Main.storyboard in Resources */,
			);
			runOnlyForDeploymentPostprocessing = 0;
		};
		B130AA262661B0B80034D8AB /* Resources */ = {
			isa = PBXResourcesBuildPhase;
			buildActionMask = 2147483647;
			files = (
			);
			runOnlyForDeploymentPostprocessing = 0;
		};
		B130AA312661B0B80034D8AB /* Resources */ = {
			isa = PBXResourcesBuildPhase;
			buildActionMask = 2147483647;
			files = (
			);
			runOnlyForDeploymentPostprocessing = 0;
		};
/* End PBXResourcesBuildPhase section */

/* Begin PBXSourcesBuildPhase section */
		B130AA0E2661B0B20034D8AB /* Sources */ = {
			isa = PBXSourcesBuildPhase;
			buildActionMask = 2147483647;
			files = (
				B130AA1A2661B0B20034D8AB /* ViewController.swift in Sources */,
				B130AA162661B0B20034D8AB /* AppDelegate.swift in Sources */,
				B130AA182661B0B20034D8AB /* SceneDelegate.swift in Sources */,
				B130AA462662ED040034D8AB /* HelpViewController.swift in Sources */,
			);
			runOnlyForDeploymentPostprocessing = 0;
		};
		B130AA242661B0B80034D8AB /* Sources */ = {
			isa = PBXSourcesBuildPhase;
			buildActionMask = 2147483647;
			files = (
				B130AA2D2661B0B80034D8AB /* PreworkTests.swift in Sources */,
			);
			runOnlyForDeploymentPostprocessing = 0;
		};
		B130AA2F2661B0B80034D8AB /* Sources */ = {
			isa = PBXSourcesBuildPhase;
			buildActionMask = 2147483647;
			files = (
				B130AA382661B0B80034D8AB /* PreworkUITests.swift in Sources */,
			);
			runOnlyForDeploymentPostprocessing = 0;
		};
/* End PBXSourcesBuildPhase section */

/* Begin PBXTargetDependency section */
		B130AA2A2661B0B80034D8AB /* PBXTargetDependency */ = {
			isa = PBXTargetDependency;
			target = B130AA112661B0B20034D8AB /* Prework */;
			targetProxy = B130AA292661B0B80034D8AB /* PBXContainerItemProxy */;
		};
		B130AA352661B0B80034D8AB /* PBXTargetDependency */ = {
			isa = PBXTargetDependency;
			target = B130AA112661B0B20034D8AB /* Prework */;
			targetProxy = B130AA342661B0B80034D8AB /* PBXContainerItemProxy */;
		};
/* End PBXTargetDependency section */

/* Begin PBXVariantGroup section */
		B130AA1B2661B0B20034D8AB /* Main.storyboard */ = {
			isa = PBXVariantGroup;
			children = (
				B130AA1C2661B0B20034D8AB /* Base */,
			);
			name = Main.storyboard;
			sourceTree = "<group>";
		};
		B130AA202661B0B70034D8AB /* LaunchScreen.storyboard */ = {
			isa = PBXVariantGroup;
			children = (
				B130AA212661B0B70034D8AB /* Base */,
			);
			name = LaunchScreen.storyboard;
			sourceTree = "<group>";
		};
/* End PBXVariantGroup section */

/* Begin XCBuildConfiguration section */
		B130AA3A2661B0B80034D8AB /* Debug */ = {
			isa = XCBuildConfiguration;
			buildSettings = {
				ALWAYS_SEARCH_USER_PATHS = NO;
				CLANG_ANALYZER_NONNULL = YES;
				CLANG_ANALYZER_NUMBER_OBJECT_CONVERSION = YES_AGGRESSIVE;
				CLANG_CXX_LANGUAGE_STANDARD = "gnu++14";
				CLANG_CXX_LIBRARY = "libc++";
				CLANG_ENABLE_MODULES = YES;
				CLANG_ENABLE_OBJC_ARC = YES;
				CLANG_ENABLE_OBJC_WEAK = YES;
				CLANG_WARN_BLOCK_CAPTURE_AUTORELEASING = YES;
				CLANG_WARN_BOOL_CONVERSION = YES;
				CLANG_WARN_COMMA = YES;
				CLANG_WARN_CONSTANT_CONVERSION = YES;
				CLANG_WARN_DEPRECATED_OBJC_IMPLEMENTATIONS = YES;
				CLANG_WARN_DIRECT_OBJC_ISA_USAGE = YES_ERROR;
				CLANG_WARN_DOCUMENTATION_COMMENTS = YES;
				CLANG_WARN_EMPTY_BODY = YES;
				CLANG_WARN_ENUM_CONVERSION = YES;
				CLANG_WARN_INFINITE_RECURSION = YES;
				CLANG_WARN_INT_CONVERSION = YES;
				CLANG_WARN_NON_LITERAL_NULL_CONVERSION = YES;
				CLANG_WARN_OBJC_IMPLICIT_RETAIN_SELF = YES;
				CLANG_WARN_OBJC_LITERAL_CONVERSION = YES;
				CLANG_WARN_OBJC_ROOT_CLASS = YES_ERROR;
				CLANG_WARN_QUOTED_INCLUDE_IN_FRAMEWORK_HEADER = YES;
				CLANG_WARN_RANGE_LOOP_ANALYSIS = YES;
				CLANG_WARN_STRICT_PROTOTYPES = YES;
				CLANG_WARN_SUSPICIOUS_MOVE = YES;
				CLANG_WARN_UNGUARDED_AVAILABILITY = YES_AGGRESSIVE;
				CLANG_WARN_UNREACHABLE_CODE = YES;
				CLANG_WARN__DUPLICATE_METHOD_MATCH = YES;
				COPY_PHASE_STRIP = NO;
				DEBUG_INFORMATION_FORMAT = dwarf;
				ENABLE_STRICT_OBJC_MSGSEND = YES;
				ENABLE_TESTABILITY = YES;
				GCC_C_LANGUAGE_STANDARD = gnu11;
				GCC_DYNAMIC_NO_PIC = NO;
				GCC_NO_COMMON_BLOCKS = YES;
				GCC_OPTIMIZATION_LEVEL = 0;
				GCC_PREPROCESSOR_DEFINITIONS = (
					"DEBUG=1",
					"$(inherited)",
				);
				GCC_WARN_64_TO_32_BIT_CONVERSION = YES;
				GCC_WARN_ABOUT_RETURN_TYPE = YES_ERROR;
				GCC_WARN_UNDECLARED_SELECTOR = YES;
				GCC_WARN_UNINITIALIZED_AUTOS = YES_AGGRESSIVE;
				GCC_WARN_UNUSED_FUNCTION = YES;
				GCC_WARN_UNUSED_VARIABLE = YES;
				IPHONEOS_DEPLOYMENT_TARGET = 14.5;
				MTL_ENABLE_DEBUG_INFO = INCLUDE_SOURCE;
				MTL_FAST_MATH = YES;
				ONLY_ACTIVE_ARCH = YES;
				SDKROOT = iphoneos;
				SWIFT_ACTIVE_COMPILATION_CONDITIONS = DEBUG;
				SWIFT_OPTIMIZATION_LEVEL = "-Onone";
			};
			name = Debug;
		};
		B130AA3B2661B0B80034D8AB /* Release */ = {
			isa = XCBuildConfiguration;
			buildSettings = {
				ALWAYS_SEARCH_USER_PATHS = NO;
				CLANG_ANALYZER_NONNULL = YES;
				CLANG_ANALYZER_NUMBER_OBJECT_CONVERSION = YES_AGGRESSIVE;
				CLANG_CXX_LANGUAGE_STANDARD = "gnu++14";
				CLANG_CXX_LIBRARY = "libc++";
				CLANG_ENABLE_MODULES = YES;
				CLANG_ENABLE_OBJC_ARC = YES;
				CLANG_ENABLE_OBJC_WEAK = YES;
				CLANG_WARN_BLOCK_CAPTURE_AUTORELEASING = YES;
				CLANG_WARN_BOOL_CONVERSION = YES;
				CLANG_WARN_COMMA = YES;
				CLANG_WARN_CONSTANT_CONVERSION = YES;
				CLANG_WARN_DEPRECATED_OBJC_IMPLEMENTATIONS = YES;
				CLANG_WARN_DIRECT_OBJC_ISA_USAGE = YES_ERROR;
				CLANG_WARN_DOCUMENTATION_COMMENTS = YES;
				CLANG_WARN_EMPTY_BODY = YES;
				CLANG_WARN_ENUM_CONVERSION = YES;
				CLANG_WARN_INFINITE_RECURSION = YES;
				CLANG_WARN_INT_CONVERSION = YES;
				CLANG_WARN_NON_LITERAL_NULL_CONVERSION = YES;
				CLANG_WARN_OBJC_IMPLICIT_RETAIN_SELF = YES;
				CLANG_WARN_OBJC_LITERAL_CONVERSION = YES;
				CLANG_WARN_OBJC_ROOT_CLASS = YES_ERROR;
				CLANG_WARN_QUOTED_INCLUDE_IN_FRAMEWORK_HEADER = YES;
				CLANG_WARN_RANGE_LOOP_ANALYSIS = YES;
				CLANG_WARN_STRICT_PROTOTYPES = YES;
				CLANG_WARN_SUSPICIOUS_MOVE = YES;
				CLANG_WARN_UNGUARDED_AVAILABILITY = YES_AGGRESSIVE;
				CLANG_WARN_UNREACHABLE_CODE = YES;
				CLANG_WARN__DUPLICATE_METHOD_MATCH = YES;
				COPY_PHASE_STRIP = NO;
				DEBUG_INFORMATION_FORMAT = "dwarf-with-dsym";
				ENABLE_NS_ASSERTIONS = NO;
				ENABLE_STRICT_OBJC_MSGSEND = YES;
				GCC_C_LANGUAGE_STANDARD = gnu11;
				GCC_NO_COMMON_BLOCKS = YES;
				GCC_WARN_64_TO_32_BIT_CONVERSION = YES;
				GCC_WARN_ABOUT_RETURN_TYPE = YES_ERROR;
				GCC_WARN_UNDECLARED_SELECTOR = YES;
				GCC_WARN_UNINITIALIZED_AUTOS = YES_AGGRESSIVE;
				GCC_WARN_UNUSED_FUNCTION = YES;
				GCC_WARN_UNUSED_VARIABLE = YES;
				IPHONEOS_DEPLOYMENT_TARGET = 14.5;
				MTL_ENABLE_DEBUG_INFO = NO;
				MTL_FAST_MATH = YES;
				SDKROOT = iphoneos;
				SWIFT_COMPILATION_MODE = wholemodule;
				SWIFT_OPTIMIZATION_LEVEL = "-O";
				VALIDATE_PRODUCT = YES;
			};
			name = Release;
		};
		B130AA3D2661B0B80034D8AB /* Debug */ = {
			isa = XCBuildConfiguration;
			buildSettings = {
				ASSETCATALOG_COMPILER_APPICON_NAME = AppIcon;
				ASSETCATALOG_COMPILER_GLOBAL_ACCENT_COLOR_NAME = AccentColor;
				CODE_SIGN_STYLE = Automatic;
				DEVELOPMENT_TEAM = VADX959572;
				INFOPLIST_FILE = Prework/Info.plist;
				LD_RUNPATH_SEARCH_PATHS = (
					"$(inherited)",
					"@executable_path/Frameworks",
				);
				PRODUCT_BUNDLE_IDENTIFIER = com.tmuchemwa.Prework;
				PRODUCT_NAME = "$(TARGET_NAME)";
				SWIFT_VERSION = 5.0;
				TARGETED_DEVICE_FAMILY = "1,2";
			};
			name = Debug;
		};
		B130AA3E2661B0B80034D8AB /* Release */ = {
			isa = XCBuildConfiguration;
			buildSettings = {
				ASSETCATALOG_COMPILER_APPICON_NAME = AppIcon;
				ASSETCATALOG_COMPILER_GLOBAL_ACCENT_COLOR_NAME = AccentColor;
				CODE_SIGN_STYLE = Automatic;
				DEVELOPMENT_TEAM = VADX959572;
				INFOPLIST_FILE = Prework/Info.plist;
				LD_RUNPATH_SEARCH_PATHS = (
					"$(inherited)",
					"@executable_path/Frameworks",
				);
				PRODUCT_BUNDLE_IDENTIFIER = com.tmuchemwa.Prework;
				PRODUCT_NAME = "$(TARGET_NAME)";
				SWIFT_VERSION = 5.0;
				TARGETED_DEVICE_FAMILY = "1,2";
			};
			name = Release;
		};
		B130AA402661B0B80034D8AB /* Debug */ = {
			isa = XCBuildConfiguration;
			buildSettings = {
				ALWAYS_EMBED_SWIFT_STANDARD_LIBRARIES = YES;
				BUNDLE_LOADER = "$(TEST_HOST)";
				CODE_SIGN_STYLE = Automatic;
				DEVELOPMENT_TEAM = VADX959572;
				INFOPLIST_FILE = PreworkTests/Info.plist;
				IPHONEOS_DEPLOYMENT_TARGET = 14.5;
				LD_RUNPATH_SEARCH_PATHS = (
					"$(inherited)",
					"@executable_path/Frameworks",
					"@loader_path/Frameworks",
				);
				PRODUCT_BUNDLE_IDENTIFIER = com.tmuchemwa.PreworkTests;
				PRODUCT_NAME = "$(TARGET_NAME)";
				SWIFT_VERSION = 5.0;
				TARGETED_DEVICE_FAMILY = "1,2";
				TEST_HOST = "$(BUILT_PRODUCTS_DIR)/Prework.app/Prework";
			};
			name = Debug;
		};
		B130AA412661B0B80034D8AB /* Release */ = {
			isa = XCBuildConfiguration;
			buildSettings = {
				ALWAYS_EMBED_SWIFT_STANDARD_LIBRARIES = YES;
				BUNDLE_LOADER = "$(TEST_HOST)";
				CODE_SIGN_STYLE = Automatic;
				DEVELOPMENT_TEAM = VADX959572;
				INFOPLIST_FILE = PreworkTests/Info.plist;
				IPHONEOS_DEPLOYMENT_TARGET = 14.5;
				LD_RUNPATH_SEARCH_PATHS = (
					"$(inherited)",
					"@executable_path/Frameworks",
					"@loader_path/Frameworks",
				);
				PRODUCT_BUNDLE_IDENTIFIER = com.tmuchemwa.PreworkTests;
				PRODUCT_NAME = "$(TARGET_NAME)";
				SWIFT_VERSION = 5.0;
				TARGETED_DEVICE_FAMILY = "1,2";
				TEST_HOST = "$(BUILT_PRODUCTS_DIR)/Prework.app/Prework";
			};
			name = Release;
		};
		B130AA432661B0B80034D8AB /* Debug */ = {
			isa = XCBuildConfiguration;
			buildSettings = {
				ALWAYS_EMBED_SWIFT_STANDARD_LIBRARIES = YES;
				CODE_SIGN_STYLE = Automatic;
				DEVELOPMENT_TEAM = VADX959572;
				INFOPLIST_FILE = PreworkUITests/Info.plist;
				LD_RUNPATH_SEARCH_PATHS = (
					"$(inherited)",
					"@executable_path/Frameworks",
					"@loader_path/Frameworks",
				);
				PRODUCT_BUNDLE_IDENTIFIER = com.tmuchemwa.PreworkUITests;
				PRODUCT_NAME = "$(TARGET_NAME)";
				SWIFT_VERSION = 5.0;
				TARGETED_DEVICE_FAMILY = "1,2";
				TEST_TARGET_NAME = Prework;
			};
			name = Debug;
		};
		B130AA442661B0B80034D8AB /* Release */ = {
			isa = XCBuildConfiguration;
			buildSettings = {
				ALWAYS_EMBED_SWIFT_STANDARD_LIBRARIES = YES;
				CODE_SIGN_STYLE = Automatic;
				DEVELOPMENT_TEAM = VADX959572;
				INFOPLIST_FILE = PreworkUITests/Info.plist;
				LD_RUNPATH_SEARCH_PATHS = (
					"$(inherited)",
					"@executable_path/Frameworks",
					"@loader_path/Frameworks",
				);
				PRODUCT_BUNDLE_IDENTIFIER = com.tmuchemwa.PreworkUITests;
				PRODUCT_NAME = "$(TARGET_NAME)";
				SWIFT_VERSION = 5.0;
				TARGETED_DEVICE_FAMILY = "1,2";
				TEST_TARGET_NAME = Prework;
			};
			name = Release;
		};
/* End XCBuildConfiguration section */

/* Begin XCConfigurationList section */
		B130AA0D2661B0B20034D8AB /* Build configuration list for PBXProject "Prework" */ = {
			isa = XCConfigurationList;
			buildConfigurations = (
				B130AA3A2661B0B80034D8AB /* Debug */,
				B130AA3B2661B0B80034D8AB /* Release */,
			);
			defaultConfigurationIsVisible = 0;
			defaultConfigurationName = Release;
		};
		B130AA3C2661B0B80034D8AB /* Build configuration list for PBXNativeTarget "Prework" */ = {
			isa = XCConfigurationList;
			buildConfigurations = (
				B130AA3D2661B0B80034D8AB /* Debug */,
				B130AA3E2661B0B80034D8AB /* Release */,
			);
			defaultConfigurationIsVisible = 0;
			defaultConfigurationName = Release;
		};
		B130AA3F2661B0B80034D8AB /* Build configuration list for PBXNativeTarget "PreworkTests" */ = {
			isa = XCConfigurationList;
			buildConfigurations = (
				B130AA402661B0B80034D8AB /* Debug */,
				B130AA412661B0B80034D8AB /* Release */,
			);
			defaultConfigurationIsVisible = 0;
			defaultConfigurationName = Release;
		};
		B130AA422661B0B80034D8AB /* Build configuration list for PBXNativeTarget "PreworkUITests" */ = {
			isa = XCConfigurationList;
			buildConfigurations = (
				B130AA432661B0B80034D8AB /* Debug */,
				B130AA442661B0B80034D8AB /* Release */,
			);
			defaultConfigurationIsVisible = 0;
			defaultConfigurationName = Release;
		};
/* End XCConfigurationList section */
	};
	rootObject = B130AA0A2661B0B20034D8AB /* Project object */;
}
